
Microsoft Visual Studio Solution File, Format Version 12.00
# Visual Studio Version 17
VisualStudioVersion = 17.0.32014.148
MinimumVisualStudioVersion = 10.0.40219.1
Project("{888888A0-9F3D-457C-B088-3A5042F75D52}") = "Api", "Api\Api.pyproj", "{56ACE418-02FD-4148-A57E-ADB96D4B2AC6}"
EndProject
Global
	GlobalSection(SolutionConfigurationPlatforms) = preSolution
		Debug|Any CPU = Debug|Any CPU
		Release|Any CPU = Release|Any CPU
	EndGlobalSection
	GlobalSection(ProjectConfigurationPlatforms) = postSolution
		{56ACE418-02FD-4148-A57E-ADB96D4B2AC6}.Debug|Any CPU.ActiveCfg = Debug|Any CPU
		{56ACE418-02FD-4148-A57E-ADB96D4B2AC6}.Release|Any CPU.ActiveCfg = Release|Any CPU
	EndGlobalSection
	GlobalSection(SolutionProperties) = preSolution
		HideSolutionNode = FALSE
	EndGlobalSection
	GlobalSection(ExtensibilityGlobals) = postSolution
		SolutionGuid = {5B23D06A-B9E9-4B10-A3B2-080349486996}
	EndGlobalSection
EndGlobal
