
Microsoft Visual Studio Solution File, Format Version 12.00
# Visual Studio Version 17
VisualStudioVersion = 17.0.32014.148
MinimumVisualStudioVersion = 10.0.40219.1
Project("{888888A0-9F3D-457C-B088-3A5042F75D52}") = "Api", "Api\Api.pyproj", "{3EBE5781-7F4C-4BDD-9F26-2FBECAAC5211}"
EndProject
Global
	GlobalSection(SolutionConfigurationPlatforms) = preSolution
		Debug|Any CPU = Debug|Any CPU
		Release|Any CPU = Release|Any CPU
	EndGlobalSection
	GlobalSection(ProjectConfigurationPlatforms) = postSolution
		{3EBE5781-7F4C-4BDD-9F26-2FBECAAC5211}.Debug|Any CPU.ActiveCfg = Debug|Any CPU
		{3EBE5781-7F4C-4BDD-9F26-2FBECAAC5211}.Release|Any CPU.ActiveCfg = Release|Any CPU
	EndGlobalSection
	GlobalSection(SolutionProperties) = preSolution
		HideSolutionNode = FALSE
	EndGlobalSection
	GlobalSection(ExtensibilityGlobals) = postSolution
		SolutionGuid = {A6B8E590-9ECC-430A-BA1B-0F7AD7F4C98C}
	EndGlobalSection
EndGlobal
